
Microsoft Visual Studio Solution File, Format Version 12.00
# Visual Studio 14
VisualStudioVersion = 14.0.25420.1
MinimumVisualStudioVersion = 10.0.40219.1
Project("{8BC9CEB8-8B4A-11D0-8D11-00A0C91BC942}") = "cppClient", "cppClient\cppClient.vcxproj", "{1D01F26E-4F56-4D9E-8650-26157770CF4F}"
EndProject
Project("{8BC9CEB8-8B4A-11D0-8D11-00A0C91BC942}") = "cppServer", "cppServer\cppServer.vcxproj", "{44A75877-5B05-41D3-AC9C-3C2FD6B73FAB}"
EndProject
Project("{8BC9CEB8-8B4A-11D0-8D11-00A0C91BC942}") = "singletonClient", "..\singletonClient\singletonClient.vcxproj", "{F03DECB5-F93D-4237-BAF6-7B5AA6058096}"
EndProject
Project("{8BC9CEB8-8B4A-11D0-8D11-00A0C91BC942}") = "cppPub", "cppPub\cppPub.vcxproj", "{DD956D40-6EEB-4AA0-A796-1F83FF46B274}"
EndProject
Global
	GlobalSection(SolutionConfigurationPlatforms) = preSolution
		Debug|x64 = Debug|x64
		Debug|x86 = Debug|x86
		Release|x64 = Release|x64
		Release|x86 = Release|x86
	EndGlobalSection
	GlobalSection(ProjectConfigurationPlatforms) = postSolution
		{1D01F26E-4F56-4D9E-8650-26157770CF4F}.Debug|x64.ActiveCfg = Debug|x64
		{1D01F26E-4F56-4D9E-8650-26157770CF4F}.Debug|x64.Build.0 = Debug|x64
		{1D01F26E-4F56-4D9E-8650-26157770CF4F}.Debug|x86.ActiveCfg = Debug|Win32
		{1D01F26E-4F56-4D9E-8650-26157770CF4F}.Debug|x86.Build.0 = Debug|Win32
		{1D01F26E-4F56-4D9E-8650-26157770CF4F}.Release|x64.ActiveCfg = Release|x64
		{1D01F26E-4F56-4D9E-8650-26157770CF4F}.Release|x64.Build.0 = Release|x64
		{1D01F26E-4F56-4D9E-8650-26157770CF4F}.Release|x86.ActiveCfg = Release|Win32
		{1D01F26E-4F56-4D9E-8650-26157770CF4F}.Release|x86.Build.0 = Release|Win32
		{44A75877-5B05-41D3-AC9C-3C2FD6B73FAB}.Debug|x64.ActiveCfg = Debug|x64
		{44A75877-5B05-41D3-AC9C-3C2FD6B73FAB}.Debug|x64.Build.0 = Debug|x64
		{44A75877-5B05-41D3-AC9C-3C2FD6B73FAB}.Debug|x86.ActiveCfg = Debug|Win32
		{44A75877-5B05-41D3-AC9C-3C2FD6B73FAB}.Debug|x86.Build.0 = Debug|Win32
		{44A75877-5B05-41D3-AC9C-3C2FD6B73FAB}.Release|x64.ActiveCfg = Release|x64
		{44A75877-5B05-41D3-AC9C-3C2FD6B73FAB}.Release|x64.Build.0 = Release|x64
		{44A75877-5B05-41D3-AC9C-3C2FD6B73FAB}.Release|x86.ActiveCfg = Release|Win32
		{44A75877-5B05-41D3-AC9C-3C2FD6B73FAB}.Release|x86.Build.0 = Release|Win32
		{F03DECB5-F93D-4237-BAF6-7B5AA6058096}.Debug|x64.ActiveCfg = Debug|x64
		{F03DECB5-F93D-4237-BAF6-7B5AA6058096}.Debug|x64.Build.0 = Debug|x64
		{F03DECB5-F93D-4237-BAF6-7B5AA6058096}.Debug|x86.ActiveCfg = Debug|Win32
		{F03DECB5-F93D-4237-BAF6-7B5AA6058096}.Debug|x86.Build.0 = Debug|Win32
		{F03DECB5-F93D-4237-BAF6-7B5AA6058096}.Release|x64.ActiveCfg = Release|x64
		{F03DECB5-F93D-4237-BAF6-7B5AA6058096}.Release|x64.Build.0 = Release|x64
		{F03DECB5-F93D-4237-BAF6-7B5AA6058096}.Release|x86.ActiveCfg = Release|Win32
		{F03DECB5-F93D-4237-BAF6-7B5AA6058096}.Release|x86.Build.0 = Release|Win32
		{DD956D40-6EEB-4AA0-A796-1F83FF46B274}.Debug|x64.ActiveCfg = Debug|x64
		{DD956D40-6EEB-4AA0-A796-1F83FF46B274}.Debug|x64.Build.0 = Debug|x64
		{DD956D40-6EEB-4AA0-A796-1F83FF46B274}.Debug|x86.ActiveCfg = Debug|Win32
		{DD956D40-6EEB-4AA0-A796-1F83FF46B274}.Debug|x86.Build.0 = Debug|Win32
		{DD956D40-6EEB-4AA0-A796-1F83FF46B274}.Release|x64.ActiveCfg = Release|x64
		{DD956D40-6EEB-4AA0-A796-1F83FF46B274}.Release|x64.Build.0 = Release|x64
		{DD956D40-6EEB-4AA0-A796-1F83FF46B274}.Release|x86.ActiveCfg = Release|Win32
		{DD956D40-6EEB-4AA0-A796-1F83FF46B274}.Release|x86.Build.0 = Release|Win32
	EndGlobalSection
	GlobalSection(SolutionProperties) = preSolution
		HideSolutionNode = FALSE
	EndGlobalSection
EndGlobal
